// !$*UTF8*$!
{
	archiveVersion = 1;
	classes = {
	};
	objectVersion = 51;
	objects = {

/* Begin PBXBuildFile section */
		B9092E672394624A00EFA0B3 /* AppDelegate.swift in Sources */ = {isa = PBXBuildFile; fileRef = B9092E662394624A00EFA0B3 /* AppDelegate.swift */; };
		B9092E692394624A00EFA0B3 /* SceneDelegate.swift in Sources */ = {isa = PBXBuildFile; fileRef = B9092E682394624A00EFA0B3 /* SceneDelegate.swift */; };
		B9092E6B2394624A00EFA0B3 /* ViewController.swift in Sources */ = {isa = PBXBuildFile; fileRef = B9092E6A2394624A00EFA0B3 /* ViewController.swift */; };
		B9092E702394624D00EFA0B3 /* Assets.xcassets in Resources */ = {isa = PBXBuildFile; fileRef = B9092E6F2394624D00EFA0B3 /* Assets.xcassets */; };
		B961FBE0239B2428007BF919 /* LaunchScreen.storyboard in Resources */ = {isa = PBXBuildFile; fileRef = B961FBDF239B2428007BF919 /* LaunchScreen.storyboard */; };
		B98388DA239B0D4100FED2DB /* GameController.framework in Frameworks */ = {isa = PBXBuildFile; fileRef = B98388D9239B0D4100FED2DB /* GameController.framework */; };
		B98FCC6B239B2A4E004BFC0E /* Main.storyboard in Resources */ = {isa = PBXBuildFile; fileRef = B98FCC6A239B2A4E004BFC0E /* Main.storyboard */; };
		DF023346F3A733BDC69603D4 /* Pods_MBot.framework in Frameworks */ = {isa = PBXBuildFile; fileRef = FEF6ADC48293077EBF0451D0 /* Pods_MBot.framework */; };
/* End PBXBuildFile section */

/* Begin PBXFileReference section */
		07EA7C68B2958E1409FAE32E /* Pods-MBot.release.xcconfig */ = {isa = PBXFileReference; includeInIndex = 1; lastKnownFileType = text.xcconfig; name = "Pods-MBot.release.xcconfig"; path = "Target Support Files/Pods-MBot/Pods-MBot.release.xcconfig"; sourceTree = "<group>"; };
		77DA6B245F23999B181C08DF /* Pods-MBot.debug.xcconfig */ = {isa = PBXFileReference; includeInIndex = 1; lastKnownFileType = text.xcconfig; name = "Pods-MBot.debug.xcconfig"; path = "Target Support Files/Pods-MBot/Pods-MBot.debug.xcconfig"; sourceTree = "<group>"; };
		B9092E632394624A00EFA0B3 /* mBot Controller.app */ = {isa = PBXFileReference; explicitFileType = wrapper.application; includeInIndex = 0; path = "mBot Controller.app"; sourceTree = BUILT_PRODUCTS_DIR; };
		B9092E662394624A00EFA0B3 /* AppDelegate.swift */ = {isa = PBXFileReference; lastKnownFileType = sourcecode.swift; path = AppDelegate.swift; sourceTree = "<group>"; };
		B9092E682394624A00EFA0B3 /* SceneDelegate.swift */ = {isa = PBXFileReference; lastKnownFileType = sourcecode.swift; path = SceneDelegate.swift; sourceTree = "<group>"; };
		B9092E6A2394624A00EFA0B3 /* ViewController.swift */ = {isa = PBXFileReference; lastKnownFileType = sourcecode.swift; path = ViewController.swift; sourceTree = "<group>"; };
		B9092E6F2394624D00EFA0B3 /* Assets.xcassets */ = {isa = PBXFileReference; lastKnownFileType = folder.assetcatalog; path = Assets.xcassets; sourceTree = "<group>"; };
		B9092E742394624D00EFA0B3 /* Info.plist */ = {isa = PBXFileReference; lastKnownFileType = text.plist.xml; path = Info.plist; sourceTree = "<group>"; };
		B961FBDF239B2428007BF919 /* LaunchScreen.storyboard */ = {isa = PBXFileReference; fileEncoding = 4; lastKnownFileType = file.storyboard; path = LaunchScreen.storyboard; sourceTree = "<group>"; };
		B98388D9239B0D4100FED2DB /* GameController.framework */ = {isa = PBXFileReference; lastKnownFileType = wrapper.framework; name = GameController.framework; path = System/Library/Frameworks/GameController.framework; sourceTree = SDKROOT; };
		B98388DB239B138F00FED2DB /* MBot.entitlements */ = {isa = PBXFileReference; lastKnownFileType = text.plist.entitlements; path = MBot.entitlements; sourceTree = "<group>"; };
		B98FCC6A239B2A4E004BFC0E /* Main.storyboard */ = {isa = PBXFileReference; fileEncoding = 4; lastKnownFileType = file.storyboard; path = Main.storyboard; sourceTree = "<group>"; };
		FEF6ADC48293077EBF0451D0 /* Pods_MBot.framework */ = {isa = PBXFileReference; explicitFileType = wrapper.framework; includeInIndex = 0; path = Pods_MBot.framework; sourceTree = BUILT_PRODUCTS_DIR; };
/* End PBXFileReference section */

/* Begin PBXFrameworksBuildPhase section */
		B9092E602394624900EFA0B3 /* Frameworks */ = {
			isa = PBXFrameworksBuildPhase;
			buildActionMask = 2147483647;
			files = (
				B98388DA239B0D4100FED2DB /* GameController.framework in Frameworks */,
				DF023346F3A733BDC69603D4 /* Pods_MBot.framework in Frameworks */,
			);
			runOnlyForDeploymentPostprocessing = 0;
		};
/* End PBXFrameworksBuildPhase section */

/* Begin PBXGroup section */
		7DBE0D89788E7F1440BE0D66 /* Pods */ = {
			isa = PBXGroup;
			children = (
				77DA6B245F23999B181C08DF /* Pods-MBot.debug.xcconfig */,
				07EA7C68B2958E1409FAE32E /* Pods-MBot.release.xcconfig */,
			);
			path = Pods;
			sourceTree = "<group>";
		};
		B9092E5A2394624900EFA0B3 = {
			isa = PBXGroup;
			children = (
				B9092E652394624A00EFA0B3 /* MBot */,
				B9092E642394624A00EFA0B3 /* Products */,
				B9092E7A2394641B00EFA0B3 /* Frameworks */,
				7DBE0D89788E7F1440BE0D66 /* Pods */,
			);
			sourceTree = "<group>";
		};
		B9092E642394624A00EFA0B3 /* Products */ = {
			isa = PBXGroup;
			children = (
				B9092E632394624A00EFA0B3 /* mBot Controller.app */,
			);
			name = Products;
			sourceTree = "<group>";
		};
		B9092E652394624A00EFA0B3 /* MBot */ = {
			isa = PBXGroup;
			children = (
				B98FCC6A239B2A4E004BFC0E /* Main.storyboard */,
				B98388DB239B138F00FED2DB /* MBot.entitlements */,
				B9092E662394624A00EFA0B3 /* AppDelegate.swift */,
				B9092E682394624A00EFA0B3 /* SceneDelegate.swift */,
				B9092E6A2394624A00EFA0B3 /* ViewController.swift */,
				B961FBDF239B2428007BF919 /* LaunchScreen.storyboard */,
				B9092E6F2394624D00EFA0B3 /* Assets.xcassets */,
				B9092E742394624D00EFA0B3 /* Info.plist */,
			);
			path = MBot;
			sourceTree = "<group>";
		};
		B9092E7A2394641B00EFA0B3 /* Frameworks */ = {
			isa = PBXGroup;
			children = (
				B98388D9239B0D4100FED2DB /* GameController.framework */,
				FEF6ADC48293077EBF0451D0 /* Pods_MBot.framework */,
			);
			name = Frameworks;
			sourceTree = "<group>";
		};
/* End PBXGroup section */

/* Begin PBXNativeTarget section */
		B9092E622394624900EFA0B3 /* MBot */ = {
			isa = PBXNativeTarget;
			buildConfigurationList = B9092E772394624D00EFA0B3 /* Build configuration list for PBXNativeTarget "MBot" */;
			buildPhases = (
				A30EF576C2D5863FCF33F271 /* [CP] Check Pods Manifest.lock */,
				B9092E5F2394624900EFA0B3 /* Sources */,
				B9092E602394624900EFA0B3 /* Frameworks */,
				B9092E612394624900EFA0B3 /* Resources */,
				E3E6EF27BD41FF671A59EFD9 /* [CP] Embed Pods Frameworks */,
			);
			buildRules = (
			);
			dependencies = (
			);
			name = MBot;
			productName = MBot;
			productReference = B9092E632394624A00EFA0B3 /* mBot Controller.app */;
			productType = "com.apple.product-type.application";
		};
/* End PBXNativeTarget section */

/* Begin PBXProject section */
		B9092E5B2394624900EFA0B3 /* Project object */ = {
			isa = PBXProject;
			attributes = {
				LastSwiftUpdateCheck = 1120;
				LastUpgradeCheck = 1120;
				ORGANIZATIONNAME = renjfk;
				TargetAttributes = {
					B9092E622394624900EFA0B3 = {
						CreatedOnToolsVersion = 11.2.1;
					};
				};
			};
			buildConfigurationList = B9092E5E2394624900EFA0B3 /* Build configuration list for PBXProject "MBot" */;
			compatibilityVersion = "Xcode 9.3";
			developmentRegion = en;
			hasScannedForEncodings = 0;
			knownRegions = (
				en,
				Base,
			);
			mainGroup = B9092E5A2394624900EFA0B3;
			productRefGroup = B9092E642394624A00EFA0B3 /* Products */;
			projectDirPath = "";
			projectRoot = "";
			targets = (
				B9092E622394624900EFA0B3 /* MBot */,
			);
		};
/* End PBXProject section */

/* Begin PBXResourcesBuildPhase section */
		B9092E612394624900EFA0B3 /* Resources */ = {
			isa = PBXResourcesBuildPhase;
			buildActionMask = 2147483647;
			files = (
				B98FCC6B239B2A4E004BFC0E /* Main.storyboard in Resources */,
				B961FBE0239B2428007BF919 /* LaunchScreen.storyboard in Resources */,
				B9092E702394624D00EFA0B3 /* Assets.xcassets in Resources */,
			);
			runOnlyForDeploymentPostprocessing = 0;
		};
/* End PBXResourcesBuildPhase section */

/* Begin PBXShellScriptBuildPhase section */
		A30EF576C2D5863FCF33F271 /* [CP] Check Pods Manifest.lock */ = {
			isa = PBXShellScriptBuildPhase;
			buildActionMask = 2147483647;
			files = (
			);
			inputFileListPaths = (
			);
			inputPaths = (
				"${PODS_PODFILE_DIR_PATH}/Podfile.lock",
				"${PODS_ROOT}/Manifest.lock",
			);
			name = "[CP] Check Pods Manifest.lock";
			outputFileListPaths = (
			);
			outputPaths = (
				"$(DERIVED_FILE_DIR)/Pods-MBot-checkManifestLockResult.txt",
			);
			runOnlyForDeploymentPostprocessing = 0;
			shellPath = /bin/sh;
			shellScript = "diff \"${PODS_PODFILE_DIR_PATH}/Podfile.lock\" \"${PODS_ROOT}/Manifest.lock\" > /dev/null\nif [ $? != 0 ] ; then\n    # print error to STDERR\n    echo \"error: The sandbox is not in sync with the Podfile.lock. Run 'pod install' or update your CocoaPods installation.\" >&2\n    exit 1\nfi\n# This output is used by Xcode 'outputs' to avoid re-running this script phase.\necho \"SUCCESS\" > \"${SCRIPT_OUTPUT_FILE_0}\"\n";
			showEnvVarsInLog = 0;
		};
		E3E6EF27BD41FF671A59EFD9 /* [CP] Embed Pods Frameworks */ = {
			isa = PBXShellScriptBuildPhase;
			buildActionMask = 2147483647;
			files = (
			);
			inputFileListPaths = (
				"${PODS_ROOT}/Target Support Files/Pods-MBot/Pods-MBot-frameworks-${CONFIGURATION}-input-files.xcfilelist",
			);
			name = "[CP] Embed Pods Frameworks";
			outputFileListPaths = (
				"${PODS_ROOT}/Target Support Files/Pods-MBot/Pods-MBot-frameworks-${CONFIGURATION}-output-files.xcfilelist",
			);
			runOnlyForDeploymentPostprocessing = 0;
			shellPath = /bin/sh;
			shellScript = "\"${PODS_ROOT}/Target Support Files/Pods-MBot/Pods-MBot-frameworks.sh\"\n";
			showEnvVarsInLog = 0;
		};
/* End PBXShellScriptBuildPhase section */

/* Begin PBXSourcesBuildPhase section */
		B9092E5F2394624900EFA0B3 /* Sources */ = {
			isa = PBXSourcesBuildPhase;
			buildActionMask = 2147483647;
			files = (
				B9092E6B2394624A00EFA0B3 /* ViewController.swift in Sources */,
				B9092E672394624A00EFA0B3 /* AppDelegate.swift in Sources */,
				B9092E692394624A00EFA0B3 /* SceneDelegate.swift in Sources */,
			);
			runOnlyForDeploymentPostprocessing = 0;
		};
/* End PBXSourcesBuildPhase section */

/* Begin XCBuildConfiguration section */
		B9092E752394624D00EFA0B3 /* Debug */ = {
			isa = XCBuildConfiguration;
			buildSettings = {
				ALWAYS_SEARCH_USER_PATHS = NO;
				CLANG_ANALYZER_NONNULL = YES;
				CLANG_ANALYZER_NUMBER_OBJECT_CONVERSION = YES_AGGRESSIVE;
				CLANG_CXX_LANGUAGE_STANDARD = "gnu++14";
				CLANG_CXX_LIBRARY = "libc++";
				CLANG_ENABLE_MODULES = YES;
				CLANG_ENABLE_OBJC_ARC = YES;
				CLANG_ENABLE_OBJC_WEAK = YES;
				CLANG_WARN_BLOCK_CAPTURE_AUTORELEASING = YES;
				CLANG_WARN_BOOL_CONVERSION = YES;
				CLANG_WARN_COMMA = YES;
				CLANG_WARN_CONSTANT_CONVERSION = YES;
				CLANG_WARN_DEPRECATED_OBJC_IMPLEMENTATIONS = YES;
				CLANG_WARN_DIRECT_OBJC_ISA_USAGE = YES_ERROR;
				CLANG_WARN_DOCUMENTATION_COMMENTS = YES;
				CLANG_WARN_EMPTY_BODY = YES;
				CLANG_WARN_ENUM_CONVERSION = YES;
				CLANG_WARN_INFINITE_RECURSION = YES;
				CLANG_WARN_INT_CONVERSION = YES;
				CLANG_WARN_NON_LITERAL_NULL_CONVERSION = YES;
				CLANG_WARN_OBJC_IMPLICIT_RETAIN_SELF = YES;
				CLANG_WARN_OBJC_LITERAL_CONVERSION = YES;
				CLANG_WARN_OBJC_ROOT_CLASS = YES_ERROR;
				CLANG_WARN_RANGE_LOOP_ANALYSIS = YES;
				CLANG_WARN_STRICT_PROTOTYPES = YES;
				CLANG_WARN_SUSPICIOUS_MOVE = YES;
				CLANG_WARN_UNGUARDED_AVAILABILITY = YES_AGGRESSIVE;
				CLANG_WARN_UNREACHABLE_CODE = YES;
				CLANG_WARN__DUPLICATE_METHOD_MATCH = YES;
				COPY_PHASE_STRIP = NO;
				DEBUG_INFORMATION_FORMAT = dwarf;
				ENABLE_STRICT_OBJC_MSGSEND = YES;
				ENABLE_TESTABILITY = YES;
				GCC_C_LANGUAGE_STANDARD = gnu11;
				GCC_DYNAMIC_NO_PIC = NO;
				GCC_NO_COMMON_BLOCKS = YES;
				GCC_OPTIMIZATION_LEVEL = 0;
				GCC_PREPROCESSOR_DEFINITIONS = (
					"DEBUG=1",
					"$(inherited)",
				);
				GCC_WARN_64_TO_32_BIT_CONVERSION = YES;
				GCC_WARN_ABOUT_RETURN_TYPE = YES_ERROR;
				GCC_WARN_UNDECLARED_SELECTOR = YES;
				GCC_WARN_UNINITIALIZED_AUTOS = YES_AGGRESSIVE;
				GCC_WARN_UNUSED_FUNCTION = YES;
				GCC_WARN_UNUSED_VARIABLE = YES;
				IPHONEOS_DEPLOYMENT_TARGET = 13.2;
				MTL_ENABLE_DEBUG_INFO = INCLUDE_SOURCE;
				MTL_FAST_MATH = YES;
				ONLY_ACTIVE_ARCH = YES;
				SDKROOT = iphoneos;
				SWIFT_ACTIVE_COMPILATION_CONDITIONS = DEBUG;
				SWIFT_OPTIMIZATION_LEVEL = "-Onone";
			};
			name = Debug;
		};
		B9092E762394624D00EFA0B3 /* Release */ = {
			isa = XCBuildConfiguration;
			buildSettings = {
				ALWAYS_SEARCH_USER_PATHS = NO;
				CLANG_ANALYZER_NONNULL = YES;
				CLANG_ANALYZER_NUMBER_OBJECT_CONVERSION = YES_AGGRESSIVE;
				CLANG_CXX_LANGUAGE_STANDARD = "gnu++14";
				CLANG_CXX_LIBRARY = "libc++";
				CLANG_ENABLE_MODULES = YES;
				CLANG_ENABLE_OBJC_ARC = YES;
				CLANG_ENABLE_OBJC_WEAK = YES;
				CLANG_WARN_BLOCK_CAPTURE_AUTORELEASING = YES;
				CLANG_WARN_BOOL_CONVERSION = YES;
				CLANG_WARN_COMMA = YES;
				CLANG_WARN_CONSTANT_CONVERSION = YES;
				CLANG_WARN_DEPRECATED_OBJC_IMPLEMENTATIONS = YES;
				CLANG_WARN_DIRECT_OBJC_ISA_USAGE = YES_ERROR;
				CLANG_WARN_DOCUMENTATION_COMMENTS = YES;
				CLANG_WARN_EMPTY_BODY = YES;
				CLANG_WARN_ENUM_CONVERSION = YES;
				CLANG_WARN_INFINITE_RECURSION = YES;
				CLANG_WARN_INT_CONVERSION = YES;
				CLANG_WARN_NON_LITERAL_NULL_CONVERSION = YES;
				CLANG_WARN_OBJC_IMPLICIT_RETAIN_SELF = YES;
				CLANG_WARN_OBJC_LITERAL_CONVERSION = YES;
				CLANG_WARN_OBJC_ROOT_CLASS = YES_ERROR;
				CLANG_WARN_RANGE_LOOP_ANALYSIS = YES;
				CLANG_WARN_STRICT_PROTOTYPES = YES;
				CLANG_WARN_SUSPICIOUS_MOVE = YES;
				CLANG_WARN_UNGUARDED_AVAILABILITY = YES_AGGRESSIVE;
				CLANG_WARN_UNREACHABLE_CODE = YES;
				CLANG_WARN__DUPLICATE_METHOD_MATCH = YES;
				COPY_PHASE_STRIP = NO;
				DEBUG_INFORMATION_FORMAT = "dwarf-with-dsym";
				ENABLE_NS_ASSERTIONS = NO;
				ENABLE_STRICT_OBJC_MSGSEND = YES;
				GCC_C_LANGUAGE_STANDARD = gnu11;
				GCC_NO_COMMON_BLOCKS = YES;
				GCC_WARN_64_TO_32_BIT_CONVERSION = YES;
				GCC_WARN_ABOUT_RETURN_TYPE = YES_ERROR;
				GCC_WARN_UNDECLARED_SELECTOR = YES;
				GCC_WARN_UNINITIALIZED_AUTOS = YES_AGGRESSIVE;
				GCC_WARN_UNUSED_FUNCTION = YES;
				GCC_WARN_UNUSED_VARIABLE = YES;
				IPHONEOS_DEPLOYMENT_TARGET = 13.2;
				MTL_ENABLE_DEBUG_INFO = NO;
				MTL_FAST_MATH = YES;
				SDKROOT = iphoneos;
				SWIFT_COMPILATION_MODE = wholemodule;
				SWIFT_OPTIMIZATION_LEVEL = "-O";
				VALIDATE_PRODUCT = YES;
			};
			name = Release;
		};
		B9092E782394624D00EFA0B3 /* Debug */ = {
			isa = XCBuildConfiguration;
			baseConfigurationReference = 77DA6B245F23999B181C08DF /* Pods-MBot.debug.xcconfig */;
			buildSettings = {
				ASSETCATALOG_COMPILER_APPICON_NAME = AppIcon;
				CODE_SIGN_ENTITLEMENTS = MBot/MBot.entitlements;
				CODE_SIGN_STYLE = Automatic;
				DEVELOPMENT_TEAM = WD9D8KHH6Y;
				INFOPLIST_FILE = MBot/Info.plist;
				LD_RUNPATH_SEARCH_PATHS = (
					"$(inherited)",
					"@executable_path/Frameworks",
				);
				PRODUCT_BUNDLE_IDENTIFIER = org.renjfk.mbot;
				PRODUCT_NAME = "mBot Controller";
				SWIFT_VERSION = 5.0;
				TARGETED_DEVICE_FAMILY = "1,2";
			};
			name = Debug;
		};
		B9092E792394624D00EFA0B3 /* Release */ = {
			isa = XCBuildConfiguration;
			baseConfigurationReference = 07EA7C68B2958E1409FAE32E /* Pods-MBot.release.xcconfig */;
			buildSettings = {
				ASSETCATALOG_COMPILER_APPICON_NAME = AppIcon;
				CODE_SIGN_ENTITLEMENTS = MBot/MBot.entitlements;
				CODE_SIGN_STYLE = Automatic;
				DEVELOPMENT_TEAM = WD9D8KHH6Y;
				INFOPLIST_FILE = MBot/Info.plist;
				LD_RUNPATH_SEARCH_PATHS = (
					"$(inherited)",
					"@executable_path/Frameworks",
				);
				PRODUCT_BUNDLE_IDENTIFIER = org.renjfk.mbot;
				PRODUCT_NAME = "mBot Controller";
				SWIFT_VERSION = 5.0;
				TARGETED_DEVICE_FAMILY = "1,2";
			};
			name = Release;
		};
/* End XCBuildConfiguration section */

/* Begin XCConfigurationList section */
		B9092E5E2394624900EFA0B3 /* Build configuration list for PBXProject "MBot" */ = {
			isa = XCConfigurationList;
			buildConfigurations = (
				B9092E752394624D00EFA0B3 /* Debug */,
				B9092E762394624D00EFA0B3 /* Release */,
			);
			defaultConfigurationIsVisible = 0;
			defaultConfigurationName = Release;
		};
		B9092E772394624D00EFA0B3 /* Build configuration list for PBXNativeTarget "MBot" */ = {
			isa = XCConfigurationList;
			buildConfigurations = (
				B9092E782394624D00EFA0B3 /* Debug */,
				B9092E792394624D00EFA0B3 /* Release */,
			);
			defaultConfigurationIsVisible = 0;
			defaultConfigurationName = Release;
		};
/* End XCConfigurationList section */
	};
	rootObject = B9092E5B2394624900EFA0B3 /* Project object */;
}
